
Microsoft Visual Studio Solution File, Format Version 12.00
# Visual Studio Version 17
VisualStudioVersion = 17.10.34928.147
MinimumVisualStudioVersion = 10.0.40219.1
Project("{8BC9CEB8-8B4A-11D0-8D11-00A0C91BC942}") = "Class", "Class\Class.vcxproj", "{855B7918-7991-493E-B0C9-DBBD540D2BD4}"
EndProject
Global
	GlobalSection(SolutionConfigurationPlatforms) = preSolution
		Debug|x64 = Debug|x64
		Debug|x86 = Debug|x86
		Release|x64 = Release|x64
		Release|x86 = Release|x86
	EndGlobalSection
	GlobalSection(ProjectConfigurationPlatforms) = postSolution
		{855B7918-7991-493E-B0C9-DBBD540D2BD4}.Debug|x64.ActiveCfg = Debug|x64
		{855B7918-7991-493E-B0C9-DBBD540D2BD4}.Debug|x64.Build.0 = Debug|x64
		{855B7918-7991-493E-B0C9-DBBD540D2BD4}.Debug|x86.ActiveCfg = Debug|Win32
		{855B7918-7991-493E-B0C9-DBBD540D2BD4}.Debug|x86.Build.0 = Debug|Win32
		{855B7918-7991-493E-B0C9-DBBD540D2BD4}.Release|x64.ActiveCfg = Release|x64
		{855B7918-7991-493E-B0C9-DBBD540D2BD4}.Release|x64.Build.0 = Release|x64
		{855B7918-7991-493E-B0C9-DBBD540D2BD4}.Release|x86.ActiveCfg = Release|Win32
		{855B7918-7991-493E-B0C9-DBBD540D2BD4}.Release|x86.Build.0 = Release|Win32
	EndGlobalSection
	GlobalSection(SolutionProperties) = preSolution
		HideSolutionNode = FALSE
	EndGlobalSection
	GlobalSection(ExtensibilityGlobals) = postSolution
		SolutionGuid = {F1C9D1E9-D924-4FC2-9A14-B620F20BC4F6}
	EndGlobalSection
EndGlobal
